
Microsoft Visual Studio Solution File, Format Version 12.00
# Visual Studio Version 17
VisualStudioVersion = 17.14.36408.4 d17.14
MinimumVisualStudioVersion = 10.0.40219.1
Project("{FAE04EC0-301F-11D3-BF4B-00C04F79EFBC}") = "SIA-2-OCP-ACTIVITY", "SIA-2-OCP-ACTIVITY\SIA-2-OCP-ACTIVITY.csproj", "{1AE415C8-9D73-4C99-97BA-35128B03A33A}"
EndProject
Global
	GlobalSection(SolutionConfigurationPlatforms) = preSolution
		Debug|Any CPU = Debug|Any CPU
		Release|Any CPU = Release|Any CPU
	EndGlobalSection
	GlobalSection(ProjectConfigurationPlatforms) = postSolution
		{1AE415C8-9D73-4C99-97BA-35128B03A33A}.Debug|Any CPU.ActiveCfg = Debug|Any CPU
		{1AE415C8-9D73-4C99-97BA-35128B03A33A}.Debug|Any CPU.Build.0 = Debug|Any CPU
		{1AE415C8-9D73-4C99-97BA-35128B03A33A}.Release|Any CPU.ActiveCfg = Release|Any CPU
		{1AE415C8-9D73-4C99-97BA-35128B03A33A}.Release|Any CPU.Build.0 = Release|Any CPU
	EndGlobalSection
	GlobalSection(SolutionProperties) = preSolution
		HideSolutionNode = FALSE
	EndGlobalSection
	GlobalSection(ExtensibilityGlobals) = postSolution
		SolutionGuid = {43528991-51C4-4B32-AA85-E879A0702349}
	EndGlobalSection
EndGlobal
